{
  "nodes": {
    "btop_gpu_nix": {
      "inputs": {
        "btop_src": "btop_src",
        "flake-utils": "flake-utils",
        "nixpkgs": "nixpkgs"
      },
      "locked": {
        "lastModified": 1704198123,
        "narHash": "sha256-V3W/y5EYQVVzEuls2PRiO8eBiE7uG8ffhqxDbc6zMNo=",
        "owner": "algasami",
        "repo": "btop_gpu_nix",
        "rev": "4e1dac5611597455137e7e866874a7df71b7c4a3",
        "type": "github"
      },
      "original": {
        "owner": "algasami",
        "ref": "main",
        "repo": "btop_gpu_nix",
        "type": "github"
      }
    },
    "btop_src": {
      "flake": false,
      "locked": {
        "lastModified": 1703765418,
        "narHash": "sha256-8nDX6aNuhBz7IRxrqItksWM4L+6geuVycQdwlpSQdg0=",
        "owner": "aristocratos",
        "repo": "btop",
        "rev": "285fb215d12a5e0c686b29e1039027cbb2b246da",
        "type": "github"
      },
      "original": {
        "owner": "aristocratos",
        "ref": "main",
        "repo": "btop",
        "type": "github"
      }
    },
    "constants": {
      "locked": {
        "lastModified": 1,
        "narHash": "sha256-ljqlS+hQYE8dvwcaqNvPvUApYzYzI5xOpIp4Rx5Mqfo=",
        "path": "./constants",
        "type": "path"
      },
      "original": {
        "path": "./constants",
        "type": "path"
      }
    },
    "flake-utils": {
      "inputs": {
        "systems": "systems"
      },
      "locked": {
        "lastModified": 1701680307,
        "narHash": "sha256-kAuep2h5ajznlPMD9rnQyffWG8EM/C73lejGofXvdM8=",
        "owner": "numtide",
        "repo": "flake-utils",
        "rev": "4022d587cbbfd70fe950c1e2083a02621806a725",
        "type": "github"
      },
      "original": {
        "owner": "numtide",
        "repo": "flake-utils",
        "rev": "4022d587cbbfd70fe950c1e2083a02621806a725",
        "type": "github"
      }
    },
    "home-manager": {
      "inputs": {
        "nixpkgs": [
          "nixpkgs"
        ]
      },
      "locked": {
        "lastModified": 1704099619,
        "narHash": "sha256-QRVMkdxLmv+aKGjcgeEg31xtJEIsYq4i1Kbyw5EPS6g=",
        "owner": "nix-community",
        "repo": "home-manager",
        "rev": "7e398b3d76bc1503171b1364c9d4a07ac06f3851",
        "type": "github"
      },
      "original": {
        "owner": "nix-community",
        "ref": "release-23.11",
        "repo": "home-manager",
        "type": "github"
      }
    },
    "mysecrets": {
      "flake": false,
      "locked": {
        "lastModified": 1704281957,
        "narHash": "sha256-cLfApN/3MTBE+EZs6NAO0du01OOmKTewV/uIa11NRb0=",
        "ref": "main",
        "rev": "c94abd347abdb09b12be3642a4385f26d92ab3a9",
        "shallow": true,
        "type": "git",
        "url": "ssh://git@github.com/algasami/nixos-secrets"
      },
      "original": {
        "ref": "main",
        "shallow": true,
        "type": "git",
        "url": "ssh://git@github.com/algasami/nixos-secrets"
      }
    },
    "nixpkgs": {
      "locked": {
        "lastModified": 1703992652,
        "narHash": "sha256-C0o8AUyu8xYgJ36kOxJfXIroy9if/G6aJbNOpA5W0+M=",
        "owner": "NixOS",
        "repo": "nixpkgs",
        "rev": "32f63574c85fbc80e4ba1fbb932cde9619bad25e",
        "type": "github"
      },
      "original": {
        "owner": "NixOS",
        "ref": "nixos-23.11",
        "repo": "nixpkgs",
        "type": "github"
      }
    },
    "nixpkgs_2": {
      "locked": {
        "lastModified": 1703992652,
        "narHash": "sha256-C0o8AUyu8xYgJ36kOxJfXIroy9if/G6aJbNOpA5W0+M=",
        "owner": "NixOS",
        "repo": "nixpkgs",
        "rev": "32f63574c85fbc80e4ba1fbb932cde9619bad25e",
        "type": "github"
      },
      "original": {
        "owner": "NixOS",
        "ref": "nixos-23.11",
        "repo": "nixpkgs",
        "type": "github"
      }
    },
    "root": {
      "inputs": {
        "btop_gpu_nix": "btop_gpu_nix",
        "constants": "constants",
        "home-manager": "home-manager",
        "mysecrets": "mysecrets",
        "nixpkgs": "nixpkgs_2"
      }
    },
    "systems": {
      "locked": {
        "lastModified": 1681028828,
        "narHash": "sha256-Vy1rq5AaRuLzOxct8nz4T6wlgyUR7zLU309k9mBC768=",
        "owner": "nix-systems",
        "repo": "default",
        "rev": "da67096a3b9bf56a91d16901293e51ba5b49a27e",
        "type": "github"
      },
      "original": {
        "owner": "nix-systems",
        "repo": "default",
        "type": "github"
      }
    }
  },
  "root": "root",
  "version": 7
}
