{
  "nodes": {
    "constants": {
      "locked": {
        "lastModified": 1,
        "narHash": "sha256-ljqlS+hQYE8dvwcaqNvPvUApYzYzI5xOpIp4Rx5Mqfo=",
        "path": "./constants",
        "type": "path"
      },
      "original": {
        "path": "./constants",
        "type": "path"
      }
    },
    "home-manager": {
      "inputs": {
        "nixpkgs": [
          "nixpkgs"
        ]
      },
      "locked": {
        "lastModified": 1705659542,
        "narHash": "sha256-WA3xVfAk1AYmFdwghT7mt/erYpsU6JPu9mdTEP/e9HQ=",
        "owner": "nix-community",
        "repo": "home-manager",
        "rev": "10cd9c53115061aa6a0a90aad0b0dde6a999cdb9",
        "type": "github"
      },
      "original": {
        "owner": "nix-community",
        "ref": "release-23.11",
        "repo": "home-manager",
        "type": "github"
      }
    },
    "mysecrets": {
      "flake": false,
      "locked": {
        "lastModified": 1704598174,
        "narHash": "sha256-9QLMvIfG6oNTwMcxDmytl/dlU8lkbQBTdRyzuQzrH68=",
        "ref": "main",
        "rev": "9a0bd6751fb1597a948276d1fed289e407d84598",
        "shallow": true,
        "type": "git",
        "url": "ssh://git@github.com/algasami/nixos-secrets"
      },
      "original": {
        "ref": "main",
        "shallow": true,
        "type": "git",
        "url": "ssh://git@github.com/algasami/nixos-secrets"
      }
    },
    "nixpkgs": {
      "locked": {
        "lastModified": 1706098335,
        "narHash": "sha256-r3dWjT8P9/Ah5m5ul4WqIWD8muj5F+/gbCdjiNVBKmU=",
        "owner": "NixOS",
        "repo": "nixpkgs",
        "rev": "a77ab169a83a4175169d78684ddd2e54486ac651",
        "type": "github"
      },
      "original": {
        "id": "nixpkgs",
        "ref": "nixos-23.11",
        "type": "indirect"
      }
    },
    "root": {
      "inputs": {
        "constants": "constants",
        "home-manager": "home-manager",
        "mysecrets": "mysecrets",
        "nixpkgs": "nixpkgs",
        "unstable_nixpkgs": "unstable_nixpkgs"
      }
    },
    "unstable_nixpkgs": {
      "locked": {
        "lastModified": 1706191920,
        "narHash": "sha256-eLihrZAPZX0R6RyM5fYAWeKVNuQPYjAkCUBr+JNvtdE=",
        "owner": "NixOS",
        "repo": "nixpkgs",
        "rev": "ae5c332cbb5827f6b1f02572496b141021de335f",
        "type": "github"
      },
      "original": {
        "id": "nixpkgs",
        "ref": "nixos-unstable",
        "type": "indirect"
      }
    }
  },
  "root": "root",
  "version": 7
}
