{
  "nodes": {
    "constants": {
      "locked": {
        "lastModified": 1,
        "narHash": "sha256-ljqlS+hQYE8dvwcaqNvPvUApYzYzI5xOpIp4Rx5Mqfo=",
        "path": "./constants",
        "type": "path"
      },
      "original": {
        "path": "./constants",
        "type": "path"
      }
    },
    "home-manager": {
      "inputs": {
        "nixpkgs": [
          "nixpkgs"
        ]
      },
      "locked": {
        "lastModified": 1705659542,
        "narHash": "sha256-WA3xVfAk1AYmFdwghT7mt/erYpsU6JPu9mdTEP/e9HQ=",
        "owner": "nix-community",
        "repo": "home-manager",
        "rev": "10cd9c53115061aa6a0a90aad0b0dde6a999cdb9",
        "type": "github"
      },
      "original": {
        "owner": "nix-community",
        "ref": "release-23.11",
        "repo": "home-manager",
        "type": "github"
      }
    },
    "mysecrets": {
      "flake": false,
      "locked": {
        "lastModified": 1704598174,
        "narHash": "sha256-9QLMvIfG6oNTwMcxDmytl/dlU8lkbQBTdRyzuQzrH68=",
        "ref": "main",
        "rev": "9a0bd6751fb1597a948276d1fed289e407d84598",
        "shallow": true,
        "type": "git",
        "url": "ssh://git@github.com/algasami/nixos-secrets"
      },
      "original": {
        "ref": "main",
        "shallow": true,
        "type": "git",
        "url": "ssh://git@github.com/algasami/nixos-secrets"
      }
    },
    "nixpkgs": {
      "locked": {
        "lastModified": 1705916986,
        "narHash": "sha256-iBpfltu6QvN4xMpen6jGGEb6jOqmmVQKUrXdOJ32u8w=",
        "owner": "NixOS",
        "repo": "nixpkgs",
        "rev": "d7f206b723e42edb09d9d753020a84b3061a79d8",
        "type": "github"
      },
      "original": {
        "id": "nixpkgs",
        "ref": "nixos-23.11",
        "type": "indirect"
      }
    },
    "root": {
      "inputs": {
        "constants": "constants",
        "home-manager": "home-manager",
        "mysecrets": "mysecrets",
        "nixpkgs": "nixpkgs",
        "unstable_nixpkgs": "unstable_nixpkgs"
      }
    },
    "unstable_nixpkgs": {
      "locked": {
        "lastModified": 1705856552,
        "narHash": "sha256-JXfnuEf5Yd6bhMs/uvM67/joxYKoysyE3M2k6T3eWbg=",
        "owner": "NixOS",
        "repo": "nixpkgs",
        "rev": "612f97239e2cc474c13c9dafa0df378058c5ad8d",
        "type": "github"
      },
      "original": {
        "id": "nixpkgs",
        "ref": "nixos-unstable",
        "type": "indirect"
      }
    }
  },
  "root": "root",
  "version": 7
}
